
Microsoft Visual Studio Solution File, Format Version 12.00
# Visual Studio Version 16
VisualStudioVersion = 16.0.31829.152
MinimumVisualStudioVersion = 10.0.40219.1
Project("{FAE04EC0-301F-11D3-BF4B-00C04F79EFBC}") = "1_Task9_1", "1_Task9_1\1_Task9_1.csproj", "{8BFD0CA7-8C02-4AC2-9395-3B31BB58ADB0}"
EndProject
Global
	GlobalSection(SolutionConfigurationPlatforms) = preSolution
		Debug|Any CPU = Debug|Any CPU
		Release|Any CPU = Release|Any CPU
	EndGlobalSection
	GlobalSection(ProjectConfigurationPlatforms) = postSolution
		{8BFD0CA7-8C02-4AC2-9395-3B31BB58ADB0}.Debug|Any CPU.ActiveCfg = Debug|Any CPU
		{8BFD0CA7-8C02-4AC2-9395-3B31BB58ADB0}.Debug|Any CPU.Build.0 = Debug|Any CPU
		{8BFD0CA7-8C02-4AC2-9395-3B31BB58ADB0}.Release|Any CPU.ActiveCfg = Release|Any CPU
		{8BFD0CA7-8C02-4AC2-9395-3B31BB58ADB0}.Release|Any CPU.Build.0 = Release|Any CPU
	EndGlobalSection
	GlobalSection(SolutionProperties) = preSolution
		HideSolutionNode = FALSE
	EndGlobalSection
	GlobalSection(ExtensibilityGlobals) = postSolution
		SolutionGuid = {43172810-5863-40E6-BC63-B4761A253C8A}
	EndGlobalSection
EndGlobal
